// !$*UTF8*$!
{
	archiveVersion = 1;
	classes = {
	};
	objectVersion = 56;
	objects = {

/* Begin PBXBuildFile section */
		3F47664B2B91122A00328A3C /* AppDelegate.swift in Sources */ = {isa = PBXBuildFile; fileRef = 3F47664A2B91122A00328A3C /* AppDelegate.swift */; };
		3F47664D2B91122A00328A3C /* SceneDelegate.swift in Sources */ = {isa = PBXBuildFile; fileRef = 3F47664C2B91122A00328A3C /* SceneDelegate.swift */; };
		3F47664F2B91122A00328A3C /* PriceViewController.swift in Sources */ = {isa = PBXBuildFile; fileRef = 3F47664E2B91122A00328A3C /* PriceViewController.swift */; };
		3F4766522B91122A00328A3C /* Main.storyboard in Resources */ = {isa = PBXBuildFile; fileRef = 3F4766502B91122A00328A3C /* Main.storyboard */; };
		3F4766542B91122B00328A3C /* Assets.xcassets in Resources */ = {isa = PBXBuildFile; fileRef = 3F4766532B91122B00328A3C /* Assets.xcassets */; };
		3F4766572B91122B00328A3C /* LaunchScreen.storyboard in Resources */ = {isa = PBXBuildFile; fileRef = 3F4766552B91122B00328A3C /* LaunchScreen.storyboard */; };
		3F4766622B91134400328A3C /* bg-pattern.svg in Resources */ = {isa = PBXBuildFile; fileRef = 3F47665E2B91134400328A3C /* bg-pattern.svg */; };
		3F4766632B91134400328A3C /* pattern-circles.svg in Resources */ = {isa = PBXBuildFile; fileRef = 3F47665F2B91134400328A3C /* pattern-circles.svg */; };
		3F4766642B91134400328A3C /* icon-check.svg in Resources */ = {isa = PBXBuildFile; fileRef = 3F4766602B91134400328A3C /* icon-check.svg */; };
		3F4766652B91134400328A3C /* icon-slider.svg in Resources */ = {isa = PBXBuildFile; fileRef = 3F4766612B91134400328A3C /* icon-slider.svg */; };
		3F4766672B91205000328A3C /* Constants.swift in Sources */ = {isa = PBXBuildFile; fileRef = 3F4766662B91205000328A3C /* Constants.swift */; };
		EB940C5F68502C88F6267A73 /* Pods_invisalertUI.framework in Frameworks */ = {isa = PBXBuildFile; fileRef = 51EB2EB9F6F05266D28B3A42 /* Pods_invisalertUI.framework */; };
/* End PBXBuildFile section */

/* Begin PBXFileReference section */
		3F4766472B91122A00328A3C /* invisalertUI.app */ = {isa = PBXFileReference; explicitFileType = wrapper.application; includeInIndex = 0; path = invisalertUI.app; sourceTree = BUILT_PRODUCTS_DIR; };
		3F47664A2B91122A00328A3C /* AppDelegate.swift */ = {isa = PBXFileReference; lastKnownFileType = sourcecode.swift; path = AppDelegate.swift; sourceTree = "<group>"; };
		3F47664C2B91122A00328A3C /* SceneDelegate.swift */ = {isa = PBXFileReference; lastKnownFileType = sourcecode.swift; path = SceneDelegate.swift; sourceTree = "<group>"; };
		3F47664E2B91122A00328A3C /* PriceViewController.swift */ = {isa = PBXFileReference; lastKnownFileType = sourcecode.swift; path = PriceViewController.swift; sourceTree = "<group>"; };
		3F4766512B91122A00328A3C /* Base */ = {isa = PBXFileReference; lastKnownFileType = file.storyboard; name = Base; path = Base.lproj/Main.storyboard; sourceTree = "<group>"; };
		3F4766532B91122B00328A3C /* Assets.xcassets */ = {isa = PBXFileReference; lastKnownFileType = folder.assetcatalog; path = Assets.xcassets; sourceTree = "<group>"; };
		3F4766562B91122B00328A3C /* Base */ = {isa = PBXFileReference; lastKnownFileType = file.storyboard; name = Base; path = Base.lproj/LaunchScreen.storyboard; sourceTree = "<group>"; };
		3F4766582B91122B00328A3C /* Info.plist */ = {isa = PBXFileReference; lastKnownFileType = text.plist.xml; path = Info.plist; sourceTree = "<group>"; };
		3F47665E2B91134400328A3C /* bg-pattern.svg */ = {isa = PBXFileReference; fileEncoding = 4; lastKnownFileType = text; name = "bg-pattern.svg"; path = "../../images/bg-pattern.svg"; sourceTree = "<group>"; };
		3F47665F2B91134400328A3C /* pattern-circles.svg */ = {isa = PBXFileReference; fileEncoding = 4; lastKnownFileType = text; name = "pattern-circles.svg"; path = "../../images/pattern-circles.svg"; sourceTree = "<group>"; };
		3F4766602B91134400328A3C /* icon-check.svg */ = {isa = PBXFileReference; fileEncoding = 4; lastKnownFileType = text; name = "icon-check.svg"; path = "../../images/icon-check.svg"; sourceTree = "<group>"; };
		3F4766612B91134400328A3C /* icon-slider.svg */ = {isa = PBXFileReference; fileEncoding = 4; lastKnownFileType = text; name = "icon-slider.svg"; path = "../../images/icon-slider.svg"; sourceTree = "<group>"; };
		3F4766662B91205000328A3C /* Constants.swift */ = {isa = PBXFileReference; lastKnownFileType = sourcecode.swift; path = Constants.swift; sourceTree = "<group>"; };
		51EB2EB9F6F05266D28B3A42 /* Pods_invisalertUI.framework */ = {isa = PBXFileReference; explicitFileType = wrapper.framework; includeInIndex = 0; path = Pods_invisalertUI.framework; sourceTree = BUILT_PRODUCTS_DIR; };
		9498FA31F12BF60E0BC97573 /* Pods-invisalertUI.release.xcconfig */ = {isa = PBXFileReference; includeInIndex = 1; lastKnownFileType = text.xcconfig; name = "Pods-invisalertUI.release.xcconfig"; path = "Target Support Files/Pods-invisalertUI/Pods-invisalertUI.release.xcconfig"; sourceTree = "<group>"; };
		C36E1C1B6A3A5A7CEB76DFE9 /* Pods-invisalertUI.debug.xcconfig */ = {isa = PBXFileReference; includeInIndex = 1; lastKnownFileType = text.xcconfig; name = "Pods-invisalertUI.debug.xcconfig"; path = "Target Support Files/Pods-invisalertUI/Pods-invisalertUI.debug.xcconfig"; sourceTree = "<group>"; };
/* End PBXFileReference section */

/* Begin PBXFrameworksBuildPhase section */
		3F4766442B91122A00328A3C /* Frameworks */ = {
			isa = PBXFrameworksBuildPhase;
			buildActionMask = 2147483647;
			files = (
				EB940C5F68502C88F6267A73 /* Pods_invisalertUI.framework in Frameworks */,
			);
			runOnlyForDeploymentPostprocessing = 0;
		};
/* End PBXFrameworksBuildPhase section */

/* Begin PBXGroup section */
		3F47663E2B91122A00328A3C = {
			isa = PBXGroup;
			children = (
				3F4766492B91122A00328A3C /* invisalertUI */,
				3F4766482B91122A00328A3C /* Products */,
				BC88886DA19B5DBA308D40A7 /* Pods */,
				DD596168BCCA8DACE8827846 /* Frameworks */,
			);
			sourceTree = "<group>";
		};
		3F4766482B91122A00328A3C /* Products */ = {
			isa = PBXGroup;
			children = (
				3F4766472B91122A00328A3C /* invisalertUI.app */,
			);
			name = Products;
			sourceTree = "<group>";
		};
		3F4766492B91122A00328A3C /* invisalertUI */ = {
			isa = PBXGroup;
			children = (
				3F4766682B91286C00328A3C /* Fonts */,
				3F47664A2B91122A00328A3C /* AppDelegate.swift */,
				3F47664C2B91122A00328A3C /* SceneDelegate.swift */,
				3F47664E2B91122A00328A3C /* PriceViewController.swift */,
				3F4766662B91205000328A3C /* Constants.swift */,
				3F4766502B91122A00328A3C /* Main.storyboard */,
				3F4766532B91122B00328A3C /* Assets.xcassets */,
				3F4766552B91122B00328A3C /* LaunchScreen.storyboard */,
				3F4766582B91122B00328A3C /* Info.plist */,
				3F47665E2B91134400328A3C /* bg-pattern.svg */,
				3F4766602B91134400328A3C /* icon-check.svg */,
				3F4766612B91134400328A3C /* icon-slider.svg */,
				3F47665F2B91134400328A3C /* pattern-circles.svg */,
			);
			path = invisalertUI;
			sourceTree = "<group>";
		};
		3F4766682B91286C00328A3C /* Fonts */ = {
			isa = PBXGroup;
			children = (
			);
			path = Fonts;
			sourceTree = "<group>";
		};
		BC88886DA19B5DBA308D40A7 /* Pods */ = {
			isa = PBXGroup;
			children = (
				C36E1C1B6A3A5A7CEB76DFE9 /* Pods-invisalertUI.debug.xcconfig */,
				9498FA31F12BF60E0BC97573 /* Pods-invisalertUI.release.xcconfig */,
			);
			path = Pods;
			sourceTree = "<group>";
		};
		DD596168BCCA8DACE8827846 /* Frameworks */ = {
			isa = PBXGroup;
			children = (
				51EB2EB9F6F05266D28B3A42 /* Pods_invisalertUI.framework */,
			);
			name = Frameworks;
			sourceTree = "<group>";
		};
/* End PBXGroup section */

/* Begin PBXNativeTarget section */
		3F4766462B91122A00328A3C /* invisalertUI */ = {
			isa = PBXNativeTarget;
			buildConfigurationList = 3F47665B2B91122B00328A3C /* Build configuration list for PBXNativeTarget "invisalertUI" */;
			buildPhases = (
				5CAD1B0476124C422B7AF377 /* [CP] Check Pods Manifest.lock */,
				3F4766432B91122A00328A3C /* Sources */,
				3F4766442B91122A00328A3C /* Frameworks */,
				3F4766452B91122A00328A3C /* Resources */,
				61AAD013EEEDEB09A538D04D /* [CP] Embed Pods Frameworks */,
			);
			buildRules = (
			);
			dependencies = (
			);
			name = invisalertUI;
			productName = invisalertUI;
			productReference = 3F4766472B91122A00328A3C /* invisalertUI.app */;
			productType = "com.apple.product-type.application";
		};
/* End PBXNativeTarget section */

/* Begin PBXProject section */
		3F47663F2B91122A00328A3C /* Project object */ = {
			isa = PBXProject;
			attributes = {
				BuildIndependentTargetsInParallel = 1;
				LastSwiftUpdateCheck = 1400;
				LastUpgradeCheck = 1400;
				TargetAttributes = {
					3F4766462B91122A00328A3C = {
						CreatedOnToolsVersion = 14.0;
					};
				};
			};
			buildConfigurationList = 3F4766422B91122A00328A3C /* Build configuration list for PBXProject "invisalertUI" */;
			compatibilityVersion = "Xcode 14.0";
			developmentRegion = en;
			hasScannedForEncodings = 0;
			knownRegions = (
				en,
				Base,
			);
			mainGroup = 3F47663E2B91122A00328A3C;
			productRefGroup = 3F4766482B91122A00328A3C /* Products */;
			projectDirPath = "";
			projectRoot = "";
			targets = (
				3F4766462B91122A00328A3C /* invisalertUI */,
			);
		};
/* End PBXProject section */

/* Begin PBXResourcesBuildPhase section */
		3F4766452B91122A00328A3C /* Resources */ = {
			isa = PBXResourcesBuildPhase;
			buildActionMask = 2147483647;
			files = (
				3F4766642B91134400328A3C /* icon-check.svg in Resources */,
				3F4766632B91134400328A3C /* pattern-circles.svg in Resources */,
				3F4766622B91134400328A3C /* bg-pattern.svg in Resources */,
				3F4766652B91134400328A3C /* icon-slider.svg in Resources */,
				3F4766572B91122B00328A3C /* LaunchScreen.storyboard in Resources */,
				3F4766542B91122B00328A3C /* Assets.xcassets in Resources */,
				3F4766522B91122A00328A3C /* Main.storyboard in Resources */,
			);
			runOnlyForDeploymentPostprocessing = 0;
		};
/* End PBXResourcesBuildPhase section */

/* Begin PBXShellScriptBuildPhase section */
		5CAD1B0476124C422B7AF377 /* [CP] Check Pods Manifest.lock */ = {
			isa = PBXShellScriptBuildPhase;
			buildActionMask = 2147483647;
			files = (
			);
			inputFileListPaths = (
			);
			inputPaths = (
				"${PODS_PODFILE_DIR_PATH}/Podfile.lock",
				"${PODS_ROOT}/Manifest.lock",
			);
			name = "[CP] Check Pods Manifest.lock";
			outputFileListPaths = (
			);
			outputPaths = (
				"$(DERIVED_FILE_DIR)/Pods-invisalertUI-checkManifestLockResult.txt",
			);
			runOnlyForDeploymentPostprocessing = 0;
			shellPath = /bin/sh;
			shellScript = "diff \"${PODS_PODFILE_DIR_PATH}/Podfile.lock\" \"${PODS_ROOT}/Manifest.lock\" > /dev/null\nif [ $? != 0 ] ; then\n    # print error to STDERR\n    echo \"error: The sandbox is not in sync with the Podfile.lock. Run 'pod install' or update your CocoaPods installation.\" >&2\n    exit 1\nfi\n# This output is used by Xcode 'outputs' to avoid re-running this script phase.\necho \"SUCCESS\" > \"${SCRIPT_OUTPUT_FILE_0}\"\n";
			showEnvVarsInLog = 0;
		};
		61AAD013EEEDEB09A538D04D /* [CP] Embed Pods Frameworks */ = {
			isa = PBXShellScriptBuildPhase;
			buildActionMask = 2147483647;
			files = (
			);
			inputFileListPaths = (
				"${PODS_ROOT}/Target Support Files/Pods-invisalertUI/Pods-invisalertUI-frameworks-${CONFIGURATION}-input-files.xcfilelist",
			);
			name = "[CP] Embed Pods Frameworks";
			outputFileListPaths = (
				"${PODS_ROOT}/Target Support Files/Pods-invisalertUI/Pods-invisalertUI-frameworks-${CONFIGURATION}-output-files.xcfilelist",
			);
			runOnlyForDeploymentPostprocessing = 0;
			shellPath = /bin/sh;
			shellScript = "\"${PODS_ROOT}/Target Support Files/Pods-invisalertUI/Pods-invisalertUI-frameworks.sh\"\n";
			showEnvVarsInLog = 0;
		};
/* End PBXShellScriptBuildPhase section */

/* Begin PBXSourcesBuildPhase section */
		3F4766432B91122A00328A3C /* Sources */ = {
			isa = PBXSourcesBuildPhase;
			buildActionMask = 2147483647;
			files = (
				3F47664F2B91122A00328A3C /* PriceViewController.swift in Sources */,
				3F47664B2B91122A00328A3C /* AppDelegate.swift in Sources */,
				3F47664D2B91122A00328A3C /* SceneDelegate.swift in Sources */,
				3F4766672B91205000328A3C /* Constants.swift in Sources */,
			);
			runOnlyForDeploymentPostprocessing = 0;
		};
/* End PBXSourcesBuildPhase section */

/* Begin PBXVariantGroup section */
		3F4766502B91122A00328A3C /* Main.storyboard */ = {
			isa = PBXVariantGroup;
			children = (
				3F4766512B91122A00328A3C /* Base */,
			);
			name = Main.storyboard;
			sourceTree = "<group>";
		};
		3F4766552B91122B00328A3C /* LaunchScreen.storyboard */ = {
			isa = PBXVariantGroup;
			children = (
				3F4766562B91122B00328A3C /* Base */,
			);
			name = LaunchScreen.storyboard;
			sourceTree = "<group>";
		};
/* End PBXVariantGroup section */

/* Begin XCBuildConfiguration section */
		3F4766592B91122B00328A3C /* Debug */ = {
			isa = XCBuildConfiguration;
			buildSettings = {
				ALWAYS_SEARCH_USER_PATHS = NO;
				CLANG_ANALYZER_NONNULL = YES;
				CLANG_ANALYZER_NUMBER_OBJECT_CONVERSION = YES_AGGRESSIVE;
				CLANG_CXX_LANGUAGE_STANDARD = "gnu++20";
				CLANG_ENABLE_MODULES = YES;
				CLANG_ENABLE_OBJC_ARC = YES;
				CLANG_ENABLE_OBJC_WEAK = YES;
				CLANG_WARN_BLOCK_CAPTURE_AUTORELEASING = YES;
				CLANG_WARN_BOOL_CONVERSION = YES;
				CLANG_WARN_COMMA = YES;
				CLANG_WARN_CONSTANT_CONVERSION = YES;
				CLANG_WARN_DEPRECATED_OBJC_IMPLEMENTATIONS = YES;
				CLANG_WARN_DIRECT_OBJC_ISA_USAGE = YES_ERROR;
				CLANG_WARN_DOCUMENTATION_COMMENTS = YES;
				CLANG_WARN_EMPTY_BODY = YES;
				CLANG_WARN_ENUM_CONVERSION = YES;
				CLANG_WARN_INFINITE_RECURSION = YES;
				CLANG_WARN_INT_CONVERSION = YES;
				CLANG_WARN_NON_LITERAL_NULL_CONVERSION = YES;
				CLANG_WARN_OBJC_IMPLICIT_RETAIN_SELF = YES;
				CLANG_WARN_OBJC_LITERAL_CONVERSION = YES;
				CLANG_WARN_OBJC_ROOT_CLASS = YES_ERROR;
				CLANG_WARN_QUOTED_INCLUDE_IN_FRAMEWORK_HEADER = YES;
				CLANG_WARN_RANGE_LOOP_ANALYSIS = YES;
				CLANG_WARN_STRICT_PROTOTYPES = YES;
				CLANG_WARN_SUSPICIOUS_MOVE = YES;
				CLANG_WARN_UNGUARDED_AVAILABILITY = YES_AGGRESSIVE;
				CLANG_WARN_UNREACHABLE_CODE = YES;
				CLANG_WARN__DUPLICATE_METHOD_MATCH = YES;
				COPY_PHASE_STRIP = NO;
				DEBUG_INFORMATION_FORMAT = dwarf;
				ENABLE_STRICT_OBJC_MSGSEND = YES;
				ENABLE_TESTABILITY = YES;
				GCC_C_LANGUAGE_STANDARD = gnu11;
				GCC_DYNAMIC_NO_PIC = NO;
				GCC_NO_COMMON_BLOCKS = YES;
				GCC_OPTIMIZATION_LEVEL = 0;
				GCC_PREPROCESSOR_DEFINITIONS = (
					"DEBUG=1",
					"$(inherited)",
				);
				GCC_WARN_64_TO_32_BIT_CONVERSION = YES;
				GCC_WARN_ABOUT_RETURN_TYPE = YES_ERROR;
				GCC_WARN_UNDECLARED_SELECTOR = YES;
				GCC_WARN_UNINITIALIZED_AUTOS = YES_AGGRESSIVE;
				GCC_WARN_UNUSED_FUNCTION = YES;
				GCC_WARN_UNUSED_VARIABLE = YES;
				IPHONEOS_DEPLOYMENT_TARGET = 16.0;
				MTL_ENABLE_DEBUG_INFO = INCLUDE_SOURCE;
				MTL_FAST_MATH = YES;
				ONLY_ACTIVE_ARCH = YES;
				SDKROOT = iphoneos;
				SWIFT_ACTIVE_COMPILATION_CONDITIONS = DEBUG;
				SWIFT_OPTIMIZATION_LEVEL = "-Onone";
			};
			name = Debug;
		};
		3F47665A2B91122B00328A3C /* Release */ = {
			isa = XCBuildConfiguration;
			buildSettings = {
				ALWAYS_SEARCH_USER_PATHS = NO;
				CLANG_ANALYZER_NONNULL = YES;
				CLANG_ANALYZER_NUMBER_OBJECT_CONVERSION = YES_AGGRESSIVE;
				CLANG_CXX_LANGUAGE_STANDARD = "gnu++20";
				CLANG_ENABLE_MODULES = YES;
				CLANG_ENABLE_OBJC_ARC = YES;
				CLANG_ENABLE_OBJC_WEAK = YES;
				CLANG_WARN_BLOCK_CAPTURE_AUTORELEASING = YES;
				CLANG_WARN_BOOL_CONVERSION = YES;
				CLANG_WARN_COMMA = YES;
				CLANG_WARN_CONSTANT_CONVERSION = YES;
				CLANG_WARN_DEPRECATED_OBJC_IMPLEMENTATIONS = YES;
				CLANG_WARN_DIRECT_OBJC_ISA_USAGE = YES_ERROR;
				CLANG_WARN_DOCUMENTATION_COMMENTS = YES;
				CLANG_WARN_EMPTY_BODY = YES;
				CLANG_WARN_ENUM_CONVERSION = YES;
				CLANG_WARN_INFINITE_RECURSION = YES;
				CLANG_WARN_INT_CONVERSION = YES;
				CLANG_WARN_NON_LITERAL_NULL_CONVERSION = YES;
				CLANG_WARN_OBJC_IMPLICIT_RETAIN_SELF = YES;
				CLANG_WARN_OBJC_LITERAL_CONVERSION = YES;
				CLANG_WARN_OBJC_ROOT_CLASS = YES_ERROR;
				CLANG_WARN_QUOTED_INCLUDE_IN_FRAMEWORK_HEADER = YES;
				CLANG_WARN_RANGE_LOOP_ANALYSIS = YES;
				CLANG_WARN_STRICT_PROTOTYPES = YES;
				CLANG_WARN_SUSPICIOUS_MOVE = YES;
				CLANG_WARN_UNGUARDED_AVAILABILITY = YES_AGGRESSIVE;
				CLANG_WARN_UNREACHABLE_CODE = YES;
				CLANG_WARN__DUPLICATE_METHOD_MATCH = YES;
				COPY_PHASE_STRIP = NO;
				DEBUG_INFORMATION_FORMAT = "dwarf-with-dsym";
				ENABLE_NS_ASSERTIONS = NO;
				ENABLE_STRICT_OBJC_MSGSEND = YES;
				GCC_C_LANGUAGE_STANDARD = gnu11;
				GCC_NO_COMMON_BLOCKS = YES;
				GCC_WARN_64_TO_32_BIT_CONVERSION = YES;
				GCC_WARN_ABOUT_RETURN_TYPE = YES_ERROR;
				GCC_WARN_UNDECLARED_SELECTOR = YES;
				GCC_WARN_UNINITIALIZED_AUTOS = YES_AGGRESSIVE;
				GCC_WARN_UNUSED_FUNCTION = YES;
				GCC_WARN_UNUSED_VARIABLE = YES;
				IPHONEOS_DEPLOYMENT_TARGET = 16.0;
				MTL_ENABLE_DEBUG_INFO = NO;
				MTL_FAST_MATH = YES;
				SDKROOT = iphoneos;
				SWIFT_COMPILATION_MODE = wholemodule;
				SWIFT_OPTIMIZATION_LEVEL = "-O";
				VALIDATE_PRODUCT = YES;
			};
			name = Release;
		};
		3F47665C2B91122B00328A3C /* Debug */ = {
			isa = XCBuildConfiguration;
			baseConfigurationReference = C36E1C1B6A3A5A7CEB76DFE9 /* Pods-invisalertUI.debug.xcconfig */;
			buildSettings = {
				ASSETCATALOG_COMPILER_APPICON_NAME = AppIcon;
				ASSETCATALOG_COMPILER_GLOBAL_ACCENT_COLOR_NAME = AccentColor;
				CODE_SIGN_STYLE = Automatic;
				CURRENT_PROJECT_VERSION = 1;
				DEVELOPMENT_TEAM = 49FZ53KNL9;
				GENERATE_INFOPLIST_FILE = YES;
				INFOPLIST_FILE = invisalertUI/Info.plist;
				INFOPLIST_KEY_UIApplicationSupportsIndirectInputEvents = YES;
				INFOPLIST_KEY_UILaunchStoryboardName = LaunchScreen;
				INFOPLIST_KEY_UIMainStoryboardFile = Main;
				INFOPLIST_KEY_UISupportedInterfaceOrientations_iPad = "UIInterfaceOrientationPortrait UIInterfaceOrientationPortraitUpsideDown UIInterfaceOrientationLandscapeLeft UIInterfaceOrientationLandscapeRight";
				INFOPLIST_KEY_UISupportedInterfaceOrientations_iPhone = "UIInterfaceOrientationPortrait UIInterfaceOrientationLandscapeLeft UIInterfaceOrientationLandscapeRight";
				LD_RUNPATH_SEARCH_PATHS = (
					"$(inherited)",
					"@executable_path/Frameworks",
				);
				MARKETING_VERSION = 1.0;
				PRODUCT_BUNDLE_IDENTIFIER = com.matson.invisalertUI;
				PRODUCT_NAME = "$(TARGET_NAME)";
				SWIFT_EMIT_LOC_STRINGS = YES;
				SWIFT_VERSION = 5.0;
				TARGETED_DEVICE_FAMILY = "1,2";
			};
			name = Debug;
		};
		3F47665D2B91122B00328A3C /* Release */ = {
			isa = XCBuildConfiguration;
			baseConfigurationReference = 9498FA31F12BF60E0BC97573 /* Pods-invisalertUI.release.xcconfig */;
			buildSettings = {
				ASSETCATALOG_COMPILER_APPICON_NAME = AppIcon;
				ASSETCATALOG_COMPILER_GLOBAL_ACCENT_COLOR_NAME = AccentColor;
				CODE_SIGN_STYLE = Automatic;
				CURRENT_PROJECT_VERSION = 1;
				DEVELOPMENT_TEAM = 49FZ53KNL9;
				GENERATE_INFOPLIST_FILE = YES;
				INFOPLIST_FILE = invisalertUI/Info.plist;
				INFOPLIST_KEY_UIApplicationSupportsIndirectInputEvents = YES;
				INFOPLIST_KEY_UILaunchStoryboardName = LaunchScreen;
				INFOPLIST_KEY_UIMainStoryboardFile = Main;
				INFOPLIST_KEY_UISupportedInterfaceOrientations_iPad = "UIInterfaceOrientationPortrait UIInterfaceOrientationPortraitUpsideDown UIInterfaceOrientationLandscapeLeft UIInterfaceOrientationLandscapeRight";
				INFOPLIST_KEY_UISupportedInterfaceOrientations_iPhone = "UIInterfaceOrientationPortrait UIInterfaceOrientationLandscapeLeft UIInterfaceOrientationLandscapeRight";
				LD_RUNPATH_SEARCH_PATHS = (
					"$(inherited)",
					"@executable_path/Frameworks",
				);
				MARKETING_VERSION = 1.0;
				PRODUCT_BUNDLE_IDENTIFIER = com.matson.invisalertUI;
				PRODUCT_NAME = "$(TARGET_NAME)";
				SWIFT_EMIT_LOC_STRINGS = YES;
				SWIFT_VERSION = 5.0;
				TARGETED_DEVICE_FAMILY = "1,2";
			};
			name = Release;
		};
/* End XCBuildConfiguration section */

/* Begin XCConfigurationList section */
		3F4766422B91122A00328A3C /* Build configuration list for PBXProject "invisalertUI" */ = {
			isa = XCConfigurationList;
			buildConfigurations = (
				3F4766592B91122B00328A3C /* Debug */,
				3F47665A2B91122B00328A3C /* Release */,
			);
			defaultConfigurationIsVisible = 0;
			defaultConfigurationName = Release;
		};
		3F47665B2B91122B00328A3C /* Build configuration list for PBXNativeTarget "invisalertUI" */ = {
			isa = XCConfigurationList;
			buildConfigurations = (
				3F47665C2B91122B00328A3C /* Debug */,
				3F47665D2B91122B00328A3C /* Release */,
			);
			defaultConfigurationIsVisible = 0;
			defaultConfigurationName = Release;
		};
/* End XCConfigurationList section */
	};
	rootObject = 3F47663F2B91122A00328A3C /* Project object */;
}
